PODS:
  - AFNetworking (2.6.3):
    - AFNetworking/NSURLConnection (= 2.6.3)
    - AFNetworking/NSURLSession (= 2.6.3)
    - AFNetworking/Reachability (= 2.6.3)
    - AFNetworking/Security (= 2.6.3)
    - AFNetworking/Serialization (= 2.6.3)
    - AFNetworking/UIKit (= 2.6.3)
  - AFNetworking/NSURLConnection (2.6.3):
    - AFNetworking/Reachability
    - AFNetworking/Security
    - AFNetworking/Serialization
  - AFNetworking/NSURLSession (2.6.3):
    - AFNetworking/Reachability
    - AFNetworking/Security
    - AFNetworking/Serialization
  - AFNetworking/Reachability (2.6.3)
  - AFNetworking/Security (2.6.3)
  - AFNetworking/Serialization (2.6.3)
  - AFNetworking/UIKit (2.6.3):
    - AFNetworking/NSURLConnection
    - AFNetworking/NSURLSession
  - DACircularProgress (2.3.1)
  - HappyDNS (0.3.5)
  - IQKeyboardManager (3.3.7)
  - JPush (2.1.7)
  - MBProgressHUD (0.9.2)
  - MJExtension (3.0.10)
  - MJRefresh (3.1.0)
  - MWPhotoBrowser (2.1.2):
    - DACircularProgress (~> 2.3)
    - MBProgressHUD (~> 0.9)
    - SDWebImage (!= 3.7.2, ~> 3.7)
  - Qiniu (7.0.20):
    - AFNetworking (~> 2.0)
    - HappyDNS (~> 0.3)
  - RongCloudIMKit (2.6.2)
  - SDWebImage (3.7.6):
    - SDWebImage/Core (= 3.7.6)
  - SDWebImage/Core (3.7.6)
  - SMS_SDK (1.2.0)
  - SVProgressHUD (2.0.3)

DEPENDENCIES:
  - AFNetworking (= 2.6.3)
  - IQKeyboardManager (= 3.3.7)
  - JPush (~> 2.1.6)
  - MJExtension (= 3.0.10)
  - MJRefresh (= 3.1.0)
  - MWPhotoBrowser (~> 2.1.1)
  - Qiniu (~> 7.0)
  - RongCloudIMKit
  - SDWebImage (~> 3.7.5)
  - SMS_SDK
  - SVProgressHUD

SPEC CHECKSUMS:
  AFNetworking: cb8d14a848e831097108418f5d49217339d4eb60
  DACircularProgress: 4dd437c0fc3da5161cb289e07ac449493d41db71
  HappyDNS: 6f8cf46fa7c0b98a6591fe8ecb2e08d9907a6e8b
  IQKeyboardManager: 249c3946acf61345c18b038eb50863fe2793e3a8
  JPush: d37320eba856bf91f2c73989df4abf1e8846db2c
  MBProgressHUD: 1569cf7ace17a8bac47aabfbb8580a49690386d1
  MJExtension: d86aacb740c87519d20e3cca55b6fa4be6cc7548
  MJRefresh: 743e6404967d1c2c688472ea3ecfde247d872db4
  MWPhotoBrowser: 5836d7aa041dc05a13de380c246826578adc5ea5
  Qiniu: 8958e70c02fb563c8c04d555bb5041441c5f4216
  RongCloudIMKit: cbad580cebcd355ec3b5ee4a6062c66f9dfba67a
  SDWebImage: c325cf02c30337336b95beff20a13df489ec0ec9
  SMS_SDK: b25cca6db6063520f7e4f66faa0bc9c13cb58365
  SVProgressHUD: b0830714205bea1317ea1a2ebc71e5633af334d4

COCOAPODS: 0.39.0
